
Microsoft Visual Studio Solution File, Format Version 12.00
# Visual Studio Version 17
VisualStudioVersion = 17.4.33205.214
MinimumVisualStudioVersion = 10.0.40219.1
Project("{FAE04EC0-301F-11D3-BF4B-00C04F79EFBC}") = "PCTask", "PCTask\PCTask.csproj", "{F9A78281-7B30-4DB2-9526-44134531D8DA}"
EndProject
Global
	GlobalSection(SolutionConfigurationPlatforms) = preSolution
		Debug|Any CPU = Debug|Any CPU
		Release|Any CPU = Release|Any CPU
	EndGlobalSection
	GlobalSection(ProjectConfigurationPlatforms) = postSolution
		{F9A78281-7B30-4DB2-9526-44134531D8DA}.Debug|Any CPU.ActiveCfg = Debug|Any CPU
		{F9A78281-7B30-4DB2-9526-44134531D8DA}.Debug|Any CPU.Build.0 = Debug|Any CPU
		{F9A78281-7B30-4DB2-9526-44134531D8DA}.Release|Any CPU.ActiveCfg = Release|Any CPU
		{F9A78281-7B30-4DB2-9526-44134531D8DA}.Release|Any CPU.Build.0 = Release|Any CPU
	EndGlobalSection
	GlobalSection(SolutionProperties) = preSolution
		HideSolutionNode = FALSE
	EndGlobalSection
	GlobalSection(ExtensibilityGlobals) = postSolution
		SolutionGuid = {E65D4433-1F78-43AD-8746-BBAD15E7A32C}
	EndGlobalSection
EndGlobal
